
Microsoft Visual Studio Solution File, Format Version 12.00
# Visual Studio 14
VisualStudioVersion = 14.0.25123.0
MinimumVisualStudioVersion = 10.0.40219.1
Project("{0E445805-62D3-4567-9A0B-C61469410855}") = "Sitecore.Support.94854", "Sitecore.Support.94854\Sitecore.Support.94854.csproj", "{13367BC9-9DB4-446F-A5AE-51C8D6A3132F}"
EndProject
Global
	GlobalSection(SolutionConfigurationPlatforms) = preSolution
		Debug|Any CPU = Debug|Any CPU
		Release|Any CPU = Release|Any CPU
	EndGlobalSection
	GlobalSection(ProjectConfigurationPlatforms) = postSolution
		{13367BC9-9DB4-446F-A5AE-51C8D6A3132F}.Debug|Any CPU.ActiveCfg = Debug|Any CPU
		{13367BC9-9DB4-446F-A5AE-51C8D6A3132F}.Debug|Any CPU.Build.0 = Debug|Any CPU
		{13367BC9-9DB4-446F-A5AE-51C8D6A3132F}.Release|Any CPU.ActiveCfg = Release|Any CPU
		{13367BC9-9DB4-446F-A5AE-51C8D6A3132F}.Release|Any CPU.Build.0 = Release|Any CPU
	EndGlobalSection
	GlobalSection(SolutionProperties) = preSolution
		HideSolutionNode = FALSE
	EndGlobalSection
EndGlobal
